<?xml version="1.0" encoding="utf-8"?>
<Project ToolsVersion="17.0" xmlns="http://schemas.microsoft.com/developer/msbuild/2003">
  <ItemGroup>
    <ClCompile Include="..\..\libraries\openexr3\lib\IlmThread\IlmThread.cpp">
      <Filter>Source Files</Filter>
    </ClCompile>
    <ClCompile Include="..\..\libraries\openexr3\lib\IlmThread\IlmThreadPool.cpp">
      <Filter>Source Files</Filter>
    </ClCompile>
    <ClCompile Include="..\..\libraries\openexr3\lib\IlmThread\IlmThreadSemaphore.cpp">
      <Filter>Source Files</Filter>
    </ClCompile>
    <ClCompile Include="..\..\libraries\openexr3\lib\IlmThread\IlmThreadSemaphoreOSX.cpp">
      <Filter>Source Files</Filter>
    </ClCompile>
    <ClCompile Include="..\..\libraries\openexr3\lib\IlmThread\IlmThreadSemaphorePosix.cpp">
      <Filter>Source Files</Filter>
    </ClCompile>
    <ClCompile Include="..\..\libraries\openexr3\lib\IlmThread\IlmThreadSemaphorePosixCompat.cpp">
      <Filter>Source Files</Filter>
    </ClCompile>
    <ClCompile Include="..\..\libraries\openexr3\lib\IlmThread\IlmThreadSemaphoreWin32.cpp">
      <Filter>Source Files</Filter>
    </ClCompile>
  </ItemGroup>
  <ItemGroup>
    <ClInclude Include="..\..\libraries\openexr3\lib\IlmThread\IlmThread.h">
      <Filter>Header Files</Filter>
    </ClInclude>
    <ClInclude Include="..\..\libraries\openexr3\lib\IlmThread\IlmThreadExport.h">
      <Filter>Header Files</Filter>
    </ClInclude>
    <ClInclude Include="..\..\libraries\openexr3\lib\IlmThread\IlmThreadForward.h">
      <Filter>Header Files</Filter>
    </ClInclude>
    <ClInclude Include="..\..\libraries\openexr3\lib\IlmThread\IlmThreadMutex.h">
      <Filter>Header Files</Filter>
    </ClInclude>
    <ClInclude Include="..\..\libraries\openexr3\lib\IlmThread\IlmThreadNamespace.h">
      <Filter>Header Files</Filter>
    </ClInclude>
    <ClInclude Include="..\..\libraries\openexr3\lib\IlmThread\IlmThreadPool.h">
      <Filter>Header Files</Filter>
    </ClInclude>
    <ClInclude Include="..\..\libraries\openexr3\lib\IlmThread\IlmThreadProcessGroup.h">
      <Filter>Header Files</Filter>
    </ClInclude>
    <ClInclude Include="..\..\libraries\openexr3\lib\IlmThread\IlmThreadSemaphore.h">
      <Filter>Header Files</Filter>
    </ClInclude>
  </ItemGroup>
  <ItemGroup>
    <Filter Include="Header Files">
      <UniqueIdentifier>{F22986E1-F795-36F0-B6F8-2D9B436A54D2}</UniqueIdentifier>
    </Filter>
    <Filter Include="Source Files">
      <UniqueIdentifier>{4F4624A7-4854-3B4D-8932-C144F9BC7456}</UniqueIdentifier>
    </Filter>
  </ItemGroup>
</Project>
